
Microsoft Visual Studio Solution File, Format Version 12.00
# Visual Studio Version 17
VisualStudioVersion = 17.8.34525.116
MinimumVisualStudioVersion = 10.0.40219.1
Project("{FAE04EC0-301F-11D3-BF4B-00C04F79EFBC}") = "labsheet1Q1", "labsheet1Q1\labsheet1Q1.csproj", "{362DC31A-AB35-4CFB-A292-9D5D9631B4DB}"
EndProject
Global
	GlobalSection(SolutionConfigurationPlatforms) = preSolution
		Debug|Any CPU = Debug|Any CPU
		Release|Any CPU = Release|Any CPU
	EndGlobalSection
	GlobalSection(ProjectConfigurationPlatforms) = postSolution
		{362DC31A-AB35-4CFB-A292-9D5D9631B4DB}.Debug|Any CPU.ActiveCfg = Debug|Any CPU
		{362DC31A-AB35-4CFB-A292-9D5D9631B4DB}.Debug|Any CPU.Build.0 = Debug|Any CPU
		{362DC31A-AB35-4CFB-A292-9D5D9631B4DB}.Release|Any CPU.ActiveCfg = Release|Any CPU
		{362DC31A-AB35-4CFB-A292-9D5D9631B4DB}.Release|Any CPU.Build.0 = Release|Any CPU
	EndGlobalSection
	GlobalSection(SolutionProperties) = preSolution
		HideSolutionNode = FALSE
	EndGlobalSection
	GlobalSection(ExtensibilityGlobals) = postSolution
		SolutionGuid = {6CBA3C37-6268-4637-B465-C3F4895ACB0F}
	EndGlobalSection
EndGlobal
